// !$*UTF8*$!
{
	archiveVersion = 1;
	classes = {
	};
	objectVersion = 54;
	objects = {

/* Begin PBXBuildFile section */
		00E356F31AD99517003FC87E /* booonTests.m in Sources */ = {isa = PBXBuildFile; fileRef = 00E356F21AD99517003FC87E /* booonTests.m */; };
		0C35DFA9265F44FE9214F5FD /* Poppins-ExtraLight.ttf in Resources */ = {isa = PBXBuildFile; fileRef = 586F3575EB52442BAF127D30 /* Poppins-ExtraLight.ttf */; };
		0C80B921A6F3F58F76C31292 /* libPods-booon.a in Frameworks */ = {isa = PBXBuildFile; fileRef = 5DCACB8F33CDC322A6C60F78 /* libPods-booon.a */; };
		107D74100BA64E55B925748B /* Poppins-BoldItalic.ttf in Resources */ = {isa = PBXBuildFile; fileRef = EF778A39AA75476D9739A832 /* Poppins-BoldItalic.ttf */; };
		13B07FBC1A68108700A75B9A /* AppDelegate.mm in Sources */ = {isa = PBXBuildFile; fileRef = 13B07FB01A68108700A75B9A /* AppDelegate.mm */; };
		13B07FBF1A68108700A75B9A /* Images.xcassets in Resources */ = {isa = PBXBuildFile; fileRef = 13B07FB51A68108700A75B9A /* Images.xcassets */; };
		13B07FC11A68108700A75B9A /* main.m in Sources */ = {isa = PBXBuildFile; fileRef = 13B07FB71A68108700A75B9A /* main.m */; };
		21B0700AE41E4C97A1902618 /* Poppins-ExtraLightItalic.ttf in Resources */ = {isa = PBXBuildFile; fileRef = 70F763D978B04A6CB212A876 /* Poppins-ExtraLightItalic.ttf */; };
		33057383655A4695BFF43A54 /* Inter-SemiBold.ttf in Resources */ = {isa = PBXBuildFile; fileRef = D2689B13B8F8459990E8B542 /* Inter-SemiBold.ttf */; };
		35062805DEE449FBADB8E655 /* Inter-ExtraLight.ttf in Resources */ = {isa = PBXBuildFile; fileRef = DDB5645D25B04544BE3D66FD /* Inter-ExtraLight.ttf */; };
		3AA4FD389FFA42B195306FCA /* Poppins-Light.ttf in Resources */ = {isa = PBXBuildFile; fileRef = 4D8EF956549946E4B90827E7 /* Poppins-Light.ttf */; };
		3D3AA556FA41477E97C2890D /* Poppins-MediumItalic.ttf in Resources */ = {isa = PBXBuildFile; fileRef = 8B1F4C2C7B3D459DAEDE3EE7 /* Poppins-MediumItalic.ttf */; };
		3D7D0D671DBA49B9B501CF9C /* Poppins-Black.ttf in Resources */ = {isa = PBXBuildFile; fileRef = FF4F7F1DF2BC4837BF6198BD /* Poppins-Black.ttf */; };
		42E57561DB5F49E093199A8E /* Poppins-BlackItalic.ttf in Resources */ = {isa = PBXBuildFile; fileRef = 330A7E474E1C4EF0B22FDA1B /* Poppins-BlackItalic.ttf */; };
		4E79710B175E475EA34E2F67 /* Poppins-ExtraBold.ttf in Resources */ = {isa = PBXBuildFile; fileRef = DA8E9E983F1244EBA29A6403 /* Poppins-ExtraBold.ttf */; };
		63B2629EDBC54E9EB5B11FB6 /* Inter-Bold.ttf in Resources */ = {isa = PBXBuildFile; fileRef = 3F839C79A17845148034A23F /* Inter-Bold.ttf */; };
		6AC3AE54E55A46DEA5D98D9A /* Poppins-Italic.ttf in Resources */ = {isa = PBXBuildFile; fileRef = 3535FCDEE4534B378631F7AB /* Poppins-Italic.ttf */; };
		7699B88040F8A987B510C191 /* libPods-booon-booonTests.a in Frameworks */ = {isa = PBXBuildFile; fileRef = 19F6CBCC0A4E27FBF8BF4A61 /* libPods-booon-booonTests.a */; };
		7FC64B46B1D341D383C26848 /* Poppins-Medium.ttf in Resources */ = {isa = PBXBuildFile; fileRef = 652EFE89668947749BC447D7 /* Poppins-Medium.ttf */; };
		81AB9BB82411601600AC10FF /* LaunchScreen.storyboard in Resources */ = {isa = PBXBuildFile; fileRef = 81AB9BB72411601600AC10FF /* LaunchScreen.storyboard */; };
		84EDE24182DD4BA79C5A873B /* Poppins-Thin.ttf in Resources */ = {isa = PBXBuildFile; fileRef = 83AC40B3428545BB9C701F4A /* Poppins-Thin.ttf */; };
		93D3C6FE38D54372A84F9ADD /* Inter-Medium.ttf in Resources */ = {isa = PBXBuildFile; fileRef = 26454D81AE1C4D538085A9A7 /* Inter-Medium.ttf */; };
		9583C2B94D3A46BEA3673C12 /* Poppins-Regular.ttf in Resources */ = {isa = PBXBuildFile; fileRef = 54AA5A317B0742D7805A4C31 /* Poppins-Regular.ttf */; };
		9E4EBD7B47B24B3094F76CF5 /* Inter-Light.ttf in Resources */ = {isa = PBXBuildFile; fileRef = 7266E3EAF7EA43F48F320238 /* Inter-Light.ttf */; };
		A0DC78CB14424242ABBDEFD1 /* Inter-ExtraBold.ttf in Resources */ = {isa = PBXBuildFile; fileRef = EC0401D2FE6A4B40B6A76C78 /* Inter-ExtraBold.ttf */; };
		A4EC88CD778749CE9473BD58 /* Poppins-SemiBold.ttf in Resources */ = {isa = PBXBuildFile; fileRef = 8D1536D34B2E4D92BEC7C8AD /* Poppins-SemiBold.ttf */; };
		B30D3A27650C4993BB88A537 /* Poppins-Bold.ttf in Resources */ = {isa = PBXBuildFile; fileRef = 3414F571F034482CBD19435B /* Poppins-Bold.ttf */; };
		CC77219FE2F74BA18891DE1F /* Inter-Regular.ttf in Resources */ = {isa = PBXBuildFile; fileRef = A36E62376B4C422EAC64EBF6 /* Inter-Regular.ttf */; };
		CD554626E4544A20A22C260B /* Inter-Black.ttf in Resources */ = {isa = PBXBuildFile; fileRef = E48972C203FC4CD7BAF851D5 /* Inter-Black.ttf */; };
		DE6EEC50489948689FBD6B51 /* Poppins-LightItalic.ttf in Resources */ = {isa = PBXBuildFile; fileRef = AE7DD77732B74E2B82089EE0 /* Poppins-LightItalic.ttf */; };
		DF8C4E901B3F46CA8505988C /* Inter-Thin.ttf in Resources */ = {isa = PBXBuildFile; fileRef = FF5CDCE2A9D649C2AC0B804F /* Inter-Thin.ttf */; };
		EE3DC099B0C84C6CBF290EA6 /* Poppins-SemiBoldItalic.ttf in Resources */ = {isa = PBXBuildFile; fileRef = 4152D5198E7A4ABA8E74C782 /* Poppins-SemiBoldItalic.ttf */; };
		F6FC38B2962B47EBB7B7C355 /* Poppins-ExtraBoldItalic.ttf in Resources */ = {isa = PBXBuildFile; fileRef = 049F46AA6AD24E3DA6454ABB /* Poppins-ExtraBoldItalic.ttf */; };
		F961590D98FF44B3B163807C /* Poppins-ThinItalic.ttf in Resources */ = {isa = PBXBuildFile; fileRef = F6C94187B70D4FF48C082229 /* Poppins-ThinItalic.ttf */; };
/* End PBXBuildFile section */

/* Begin PBXContainerItemProxy section */
		00E356F41AD99517003FC87E /* PBXContainerItemProxy */ = {
			isa = PBXContainerItemProxy;
			containerPortal = 83CBB9F71A601CBA00E9B192 /* Project object */;
			proxyType = 1;
			remoteGlobalIDString = 13B07F861A680F5B00A75B9A;
			remoteInfo = booon;
		};
/* End PBXContainerItemProxy section */

/* Begin PBXFileReference section */
		00E356EE1AD99517003FC87E /* booonTests.xctest */ = {isa = PBXFileReference; explicitFileType = wrapper.cfbundle; includeInIndex = 0; path = booonTests.xctest; sourceTree = BUILT_PRODUCTS_DIR; };
		00E356F11AD99517003FC87E /* Info.plist */ = {isa = PBXFileReference; lastKnownFileType = text.plist.xml; path = Info.plist; sourceTree = "<group>"; };
		00E356F21AD99517003FC87E /* booonTests.m */ = {isa = PBXFileReference; lastKnownFileType = sourcecode.c.objc; path = booonTests.m; sourceTree = "<group>"; };
		049F46AA6AD24E3DA6454ABB /* Poppins-ExtraBoldItalic.ttf */ = {isa = PBXFileReference; explicitFileType = undefined; fileEncoding = 9; includeInIndex = 0; lastKnownFileType = unknown; name = "Poppins-ExtraBoldItalic.ttf"; path = "../assets/fonts/Poppins-ExtraBoldItalic.ttf"; sourceTree = "<group>"; };
		13B07F961A680F5B00A75B9A /* booon.app */ = {isa = PBXFileReference; explicitFileType = wrapper.application; includeInIndex = 0; path = booon.app; sourceTree = BUILT_PRODUCTS_DIR; };
		13B07FAF1A68108700A75B9A /* AppDelegate.h */ = {isa = PBXFileReference; fileEncoding = 4; lastKnownFileType = sourcecode.c.h; name = AppDelegate.h; path = booon/AppDelegate.h; sourceTree = "<group>"; };
		13B07FB01A68108700A75B9A /* AppDelegate.mm */ = {isa = PBXFileReference; fileEncoding = 4; lastKnownFileType = sourcecode.cpp.objcpp; name = AppDelegate.mm; path = booon/AppDelegate.mm; sourceTree = "<group>"; };
		13B07FB51A68108700A75B9A /* Images.xcassets */ = {isa = PBXFileReference; lastKnownFileType = folder.assetcatalog; name = Images.xcassets; path = booon/Images.xcassets; sourceTree = "<group>"; };
		13B07FB61A68108700A75B9A /* Info.plist */ = {isa = PBXFileReference; fileEncoding = 4; lastKnownFileType = text.plist.xml; name = Info.plist; path = booon/Info.plist; sourceTree = "<group>"; };
		13B07FB71A68108700A75B9A /* main.m */ = {isa = PBXFileReference; fileEncoding = 4; lastKnownFileType = sourcecode.c.objc; name = main.m; path = booon/main.m; sourceTree = "<group>"; };
		19F6CBCC0A4E27FBF8BF4A61 /* libPods-booon-booonTests.a */ = {isa = PBXFileReference; explicitFileType = archive.ar; includeInIndex = 0; path = "libPods-booon-booonTests.a"; sourceTree = BUILT_PRODUCTS_DIR; };
		26454D81AE1C4D538085A9A7 /* Inter-Medium.ttf */ = {isa = PBXFileReference; explicitFileType = undefined; fileEncoding = 9; includeInIndex = 0; lastKnownFileType = unknown; name = "Inter-Medium.ttf"; path = "../assets/fonts/Inter-Medium.ttf"; sourceTree = "<group>"; };
		330A7E474E1C4EF0B22FDA1B /* Poppins-BlackItalic.ttf */ = {isa = PBXFileReference; explicitFileType = undefined; fileEncoding = 9; includeInIndex = 0; lastKnownFileType = unknown; name = "Poppins-BlackItalic.ttf"; path = "../assets/fonts/Poppins-BlackItalic.ttf"; sourceTree = "<group>"; };
		3414F571F034482CBD19435B /* Poppins-Bold.ttf */ = {isa = PBXFileReference; explicitFileType = undefined; fileEncoding = 9; includeInIndex = 0; lastKnownFileType = unknown; name = "Poppins-Bold.ttf"; path = "../assets/fonts/Poppins-Bold.ttf"; sourceTree = "<group>"; };
		3535FCDEE4534B378631F7AB /* Poppins-Italic.ttf */ = {isa = PBXFileReference; explicitFileType = undefined; fileEncoding = 9; includeInIndex = 0; lastKnownFileType = unknown; name = "Poppins-Italic.ttf"; path = "../assets/fonts/Poppins-Italic.ttf"; sourceTree = "<group>"; };
		3B4392A12AC88292D35C810B /* Pods-booon.debug.xcconfig */ = {isa = PBXFileReference; includeInIndex = 1; lastKnownFileType = text.xcconfig; name = "Pods-booon.debug.xcconfig"; path = "Target Support Files/Pods-booon/Pods-booon.debug.xcconfig"; sourceTree = "<group>"; };
		3F839C79A17845148034A23F /* Inter-Bold.ttf */ = {isa = PBXFileReference; explicitFileType = undefined; fileEncoding = 9; includeInIndex = 0; lastKnownFileType = unknown; name = "Inter-Bold.ttf"; path = "../assets/fonts/Inter-Bold.ttf"; sourceTree = "<group>"; };
		4152D5198E7A4ABA8E74C782 /* Poppins-SemiBoldItalic.ttf */ = {isa = PBXFileReference; explicitFileType = undefined; fileEncoding = 9; includeInIndex = 0; lastKnownFileType = unknown; name = "Poppins-SemiBoldItalic.ttf"; path = "../assets/fonts/Poppins-SemiBoldItalic.ttf"; sourceTree = "<group>"; };
		4D8EF956549946E4B90827E7 /* Poppins-Light.ttf */ = {isa = PBXFileReference; explicitFileType = undefined; fileEncoding = 9; includeInIndex = 0; lastKnownFileType = unknown; name = "Poppins-Light.ttf"; path = "../assets/fonts/Poppins-Light.ttf"; sourceTree = "<group>"; };
		54AA5A317B0742D7805A4C31 /* Poppins-Regular.ttf */ = {isa = PBXFileReference; explicitFileType = undefined; fileEncoding = 9; includeInIndex = 0; lastKnownFileType = unknown; name = "Poppins-Regular.ttf"; path = "../assets/fonts/Poppins-Regular.ttf"; sourceTree = "<group>"; };
		5709B34CF0A7D63546082F79 /* Pods-booon.release.xcconfig */ = {isa = PBXFileReference; includeInIndex = 1; lastKnownFileType = text.xcconfig; name = "Pods-booon.release.xcconfig"; path = "Target Support Files/Pods-booon/Pods-booon.release.xcconfig"; sourceTree = "<group>"; };
		586F3575EB52442BAF127D30 /* Poppins-ExtraLight.ttf */ = {isa = PBXFileReference; explicitFileType = undefined; fileEncoding = 9; includeInIndex = 0; lastKnownFileType = unknown; name = "Poppins-ExtraLight.ttf"; path = "../assets/fonts/Poppins-ExtraLight.ttf"; sourceTree = "<group>"; };
		5B7EB9410499542E8C5724F5 /* Pods-booon-booonTests.debug.xcconfig */ = {isa = PBXFileReference; includeInIndex = 1; lastKnownFileType = text.xcconfig; name = "Pods-booon-booonTests.debug.xcconfig"; path = "Target Support Files/Pods-booon-booonTests/Pods-booon-booonTests.debug.xcconfig"; sourceTree = "<group>"; };
		5DCACB8F33CDC322A6C60F78 /* libPods-booon.a */ = {isa = PBXFileReference; explicitFileType = archive.ar; includeInIndex = 0; path = "libPods-booon.a"; sourceTree = BUILT_PRODUCTS_DIR; };
		652EFE89668947749BC447D7 /* Poppins-Medium.ttf */ = {isa = PBXFileReference; explicitFileType = undefined; fileEncoding = 9; includeInIndex = 0; lastKnownFileType = unknown; name = "Poppins-Medium.ttf"; path = "../assets/fonts/Poppins-Medium.ttf"; sourceTree = "<group>"; };
		70F763D978B04A6CB212A876 /* Poppins-ExtraLightItalic.ttf */ = {isa = PBXFileReference; explicitFileType = undefined; fileEncoding = 9; includeInIndex = 0; lastKnownFileType = unknown; name = "Poppins-ExtraLightItalic.ttf"; path = "../assets/fonts/Poppins-ExtraLightItalic.ttf"; sourceTree = "<group>"; };
		7266E3EAF7EA43F48F320238 /* Inter-Light.ttf */ = {isa = PBXFileReference; explicitFileType = undefined; fileEncoding = 9; includeInIndex = 0; lastKnownFileType = unknown; name = "Inter-Light.ttf"; path = "../assets/fonts/Inter-Light.ttf"; sourceTree = "<group>"; };
		81AB9BB72411601600AC10FF /* LaunchScreen.storyboard */ = {isa = PBXFileReference; fileEncoding = 4; lastKnownFileType = file.storyboard; name = LaunchScreen.storyboard; path = booon/LaunchScreen.storyboard; sourceTree = "<group>"; };
		83AC40B3428545BB9C701F4A /* Poppins-Thin.ttf */ = {isa = PBXFileReference; explicitFileType = undefined; fileEncoding = 9; includeInIndex = 0; lastKnownFileType = unknown; name = "Poppins-Thin.ttf"; path = "../assets/fonts/Poppins-Thin.ttf"; sourceTree = "<group>"; };
		89C6BE57DB24E9ADA2F236DE /* Pods-booon-booonTests.release.xcconfig */ = {isa = PBXFileReference; includeInIndex = 1; lastKnownFileType = text.xcconfig; name = "Pods-booon-booonTests.release.xcconfig"; path = "Target Support Files/Pods-booon-booonTests/Pods-booon-booonTests.release.xcconfig"; sourceTree = "<group>"; };
		8B1F4C2C7B3D459DAEDE3EE7 /* Poppins-MediumItalic.ttf */ = {isa = PBXFileReference; explicitFileType = undefined; fileEncoding = 9; includeInIndex = 0; lastKnownFileType = unknown; name = "Poppins-MediumItalic.ttf"; path = "../assets/fonts/Poppins-MediumItalic.ttf"; sourceTree = "<group>"; };
		8D1536D34B2E4D92BEC7C8AD /* Poppins-SemiBold.ttf */ = {isa = PBXFileReference; explicitFileType = undefined; fileEncoding = 9; includeInIndex = 0; lastKnownFileType = unknown; name = "Poppins-SemiBold.ttf"; path = "../assets/fonts/Poppins-SemiBold.ttf"; sourceTree = "<group>"; };
		A36E62376B4C422EAC64EBF6 /* Inter-Regular.ttf */ = {isa = PBXFileReference; explicitFileType = undefined; fileEncoding = 9; includeInIndex = 0; lastKnownFileType = unknown; name = "Inter-Regular.ttf"; path = "../assets/fonts/Inter-Regular.ttf"; sourceTree = "<group>"; };
		AE7DD77732B74E2B82089EE0 /* Poppins-LightItalic.ttf */ = {isa = PBXFileReference; explicitFileType = undefined; fileEncoding = 9; includeInIndex = 0; lastKnownFileType = unknown; name = "Poppins-LightItalic.ttf"; path = "../assets/fonts/Poppins-LightItalic.ttf"; sourceTree = "<group>"; };
		D2689B13B8F8459990E8B542 /* Inter-SemiBold.ttf */ = {isa = PBXFileReference; explicitFileType = undefined; fileEncoding = 9; includeInIndex = 0; lastKnownFileType = unknown; name = "Inter-SemiBold.ttf"; path = "../assets/fonts/Inter-SemiBold.ttf"; sourceTree = "<group>"; };
		DA8E9E983F1244EBA29A6403 /* Poppins-ExtraBold.ttf */ = {isa = PBXFileReference; explicitFileType = undefined; fileEncoding = 9; includeInIndex = 0; lastKnownFileType = unknown; name = "Poppins-ExtraBold.ttf"; path = "../assets/fonts/Poppins-ExtraBold.ttf"; sourceTree = "<group>"; };
		DDB5645D25B04544BE3D66FD /* Inter-ExtraLight.ttf */ = {isa = PBXFileReference; explicitFileType = undefined; fileEncoding = 9; includeInIndex = 0; lastKnownFileType = unknown; name = "Inter-ExtraLight.ttf"; path = "../assets/fonts/Inter-ExtraLight.ttf"; sourceTree = "<group>"; };
		E48972C203FC4CD7BAF851D5 /* Inter-Black.ttf */ = {isa = PBXFileReference; explicitFileType = undefined; fileEncoding = 9; includeInIndex = 0; lastKnownFileType = unknown; name = "Inter-Black.ttf"; path = "../assets/fonts/Inter-Black.ttf"; sourceTree = "<group>"; };
		EC0401D2FE6A4B40B6A76C78 /* Inter-ExtraBold.ttf */ = {isa = PBXFileReference; explicitFileType = undefined; fileEncoding = 9; includeInIndex = 0; lastKnownFileType = unknown; name = "Inter-ExtraBold.ttf"; path = "../assets/fonts/Inter-ExtraBold.ttf"; sourceTree = "<group>"; };
		ED297162215061F000B7C4FE /* JavaScriptCore.framework */ = {isa = PBXFileReference; lastKnownFileType = wrapper.framework; name = JavaScriptCore.framework; path = System/Library/Frameworks/JavaScriptCore.framework; sourceTree = SDKROOT; };
		EF778A39AA75476D9739A832 /* Poppins-BoldItalic.ttf */ = {isa = PBXFileReference; explicitFileType = undefined; fileEncoding = 9; includeInIndex = 0; lastKnownFileType = unknown; name = "Poppins-BoldItalic.ttf"; path = "../assets/fonts/Poppins-BoldItalic.ttf"; sourceTree = "<group>"; };
		F6C94187B70D4FF48C082229 /* Poppins-ThinItalic.ttf */ = {isa = PBXFileReference; explicitFileType = undefined; fileEncoding = 9; includeInIndex = 0; lastKnownFileType = unknown; name = "Poppins-ThinItalic.ttf"; path = "../assets/fonts/Poppins-ThinItalic.ttf"; sourceTree = "<group>"; };
		FF4F7F1DF2BC4837BF6198BD /* Poppins-Black.ttf */ = {isa = PBXFileReference; explicitFileType = undefined; fileEncoding = 9; includeInIndex = 0; lastKnownFileType = unknown; name = "Poppins-Black.ttf"; path = "../assets/fonts/Poppins-Black.ttf"; sourceTree = "<group>"; };
		FF5CDCE2A9D649C2AC0B804F /* Inter-Thin.ttf */ = {isa = PBXFileReference; explicitFileType = undefined; fileEncoding = 9; includeInIndex = 0; lastKnownFileType = unknown; name = "Inter-Thin.ttf"; path = "../assets/fonts/Inter-Thin.ttf"; sourceTree = "<group>"; };
/* End PBXFileReference section */

/* Begin PBXFrameworksBuildPhase section */
		00E356EB1AD99517003FC87E /* Frameworks */ = {
			isa = PBXFrameworksBuildPhase;
			buildActionMask = 2147483647;
			files = (
				7699B88040F8A987B510C191 /* libPods-booon-booonTests.a in Frameworks */,
			);
			runOnlyForDeploymentPostprocessing = 0;
		};
		13B07F8C1A680F5B00A75B9A /* Frameworks */ = {
			isa = PBXFrameworksBuildPhase;
			buildActionMask = 2147483647;
			files = (
				0C80B921A6F3F58F76C31292 /* libPods-booon.a in Frameworks */,
			);
			runOnlyForDeploymentPostprocessing = 0;
		};
/* End PBXFrameworksBuildPhase section */

/* Begin PBXGroup section */
		00E356EF1AD99517003FC87E /* booonTests */ = {
			isa = PBXGroup;
			children = (
				00E356F21AD99517003FC87E /* booonTests.m */,
				00E356F01AD99517003FC87E /* Supporting Files */,
			);
			path = booonTests;
			sourceTree = "<group>";
		};
		00E356F01AD99517003FC87E /* Supporting Files */ = {
			isa = PBXGroup;
			children = (
				00E356F11AD99517003FC87E /* Info.plist */,
			);
			name = "Supporting Files";
			sourceTree = "<group>";
		};
		13B07FAE1A68108700A75B9A /* booon */ = {
			isa = PBXGroup;
			children = (
				13B07FAF1A68108700A75B9A /* AppDelegate.h */,
				13B07FB01A68108700A75B9A /* AppDelegate.mm */,
				13B07FB51A68108700A75B9A /* Images.xcassets */,
				13B07FB61A68108700A75B9A /* Info.plist */,
				81AB9BB72411601600AC10FF /* LaunchScreen.storyboard */,
				13B07FB71A68108700A75B9A /* main.m */,
			);
			name = booon;
			sourceTree = "<group>";
		};
		2D16E6871FA4F8E400B85C8A /* Frameworks */ = {
			isa = PBXGroup;
			children = (
				ED297162215061F000B7C4FE /* JavaScriptCore.framework */,
				5DCACB8F33CDC322A6C60F78 /* libPods-booon.a */,
				19F6CBCC0A4E27FBF8BF4A61 /* libPods-booon-booonTests.a */,
			);
			name = Frameworks;
			sourceTree = "<group>";
		};
		832341AE1AAA6A7D00B99B32 /* Libraries */ = {
			isa = PBXGroup;
			children = (
			);
			name = Libraries;
			sourceTree = "<group>";
		};
		83CBB9F61A601CBA00E9B192 = {
			isa = PBXGroup;
			children = (
				13B07FAE1A68108700A75B9A /* booon */,
				832341AE1AAA6A7D00B99B32 /* Libraries */,
				00E356EF1AD99517003FC87E /* booonTests */,
				83CBBA001A601CBA00E9B192 /* Products */,
				2D16E6871FA4F8E400B85C8A /* Frameworks */,
				BBD78D7AC51CEA395F1C20DB /* Pods */,
				DE7239BF11C141F494330C22 /* Resources */,
			);
			indentWidth = 2;
			sourceTree = "<group>";
			tabWidth = 2;
			usesTabs = 0;
		};
		83CBBA001A601CBA00E9B192 /* Products */ = {
			isa = PBXGroup;
			children = (
				13B07F961A680F5B00A75B9A /* booon.app */,
				00E356EE1AD99517003FC87E /* booonTests.xctest */,
			);
			name = Products;
			sourceTree = "<group>";
		};
		BBD78D7AC51CEA395F1C20DB /* Pods */ = {
			isa = PBXGroup;
			children = (
				3B4392A12AC88292D35C810B /* Pods-booon.debug.xcconfig */,
				5709B34CF0A7D63546082F79 /* Pods-booon.release.xcconfig */,
				5B7EB9410499542E8C5724F5 /* Pods-booon-booonTests.debug.xcconfig */,
				89C6BE57DB24E9ADA2F236DE /* Pods-booon-booonTests.release.xcconfig */,
			);
			path = Pods;
			sourceTree = "<group>";
		};
		DE7239BF11C141F494330C22 /* Resources */ = {
			isa = PBXGroup;
			children = (
				E48972C203FC4CD7BAF851D5 /* Inter-Black.ttf */,
				3F839C79A17845148034A23F /* Inter-Bold.ttf */,
				EC0401D2FE6A4B40B6A76C78 /* Inter-ExtraBold.ttf */,
				DDB5645D25B04544BE3D66FD /* Inter-ExtraLight.ttf */,
				7266E3EAF7EA43F48F320238 /* Inter-Light.ttf */,
				26454D81AE1C4D538085A9A7 /* Inter-Medium.ttf */,
				A36E62376B4C422EAC64EBF6 /* Inter-Regular.ttf */,
				D2689B13B8F8459990E8B542 /* Inter-SemiBold.ttf */,
				FF5CDCE2A9D649C2AC0B804F /* Inter-Thin.ttf */,
				FF4F7F1DF2BC4837BF6198BD /* Poppins-Black.ttf */,
				330A7E474E1C4EF0B22FDA1B /* Poppins-BlackItalic.ttf */,
				3414F571F034482CBD19435B /* Poppins-Bold.ttf */,
				EF778A39AA75476D9739A832 /* Poppins-BoldItalic.ttf */,
				DA8E9E983F1244EBA29A6403 /* Poppins-ExtraBold.ttf */,
				049F46AA6AD24E3DA6454ABB /* Poppins-ExtraBoldItalic.ttf */,
				586F3575EB52442BAF127D30 /* Poppins-ExtraLight.ttf */,
				70F763D978B04A6CB212A876 /* Poppins-ExtraLightItalic.ttf */,
				3535FCDEE4534B378631F7AB /* Poppins-Italic.ttf */,
				4D8EF956549946E4B90827E7 /* Poppins-Light.ttf */,
				AE7DD77732B74E2B82089EE0 /* Poppins-LightItalic.ttf */,
				652EFE89668947749BC447D7 /* Poppins-Medium.ttf */,
				8B1F4C2C7B3D459DAEDE3EE7 /* Poppins-MediumItalic.ttf */,
				54AA5A317B0742D7805A4C31 /* Poppins-Regular.ttf */,
				8D1536D34B2E4D92BEC7C8AD /* Poppins-SemiBold.ttf */,
				4152D5198E7A4ABA8E74C782 /* Poppins-SemiBoldItalic.ttf */,
				83AC40B3428545BB9C701F4A /* Poppins-Thin.ttf */,
				F6C94187B70D4FF48C082229 /* Poppins-ThinItalic.ttf */,
			);
			name = Resources;
			sourceTree = "<group>";
		};
/* End PBXGroup section */

/* Begin PBXNativeTarget section */
		00E356ED1AD99517003FC87E /* booonTests */ = {
			isa = PBXNativeTarget;
			buildConfigurationList = 00E357021AD99517003FC87E /* Build configuration list for PBXNativeTarget "booonTests" */;
			buildPhases = (
				A55EABD7B0C7F3A422A6CC61 /* [CP] Check Pods Manifest.lock */,
				00E356EA1AD99517003FC87E /* Sources */,
				00E356EB1AD99517003FC87E /* Frameworks */,
				00E356EC1AD99517003FC87E /* Resources */,
				C59DA0FBD6956966B86A3779 /* [CP] Embed Pods Frameworks */,
				F6A41C54EA430FDDC6A6ED99 /* [CP] Copy Pods Resources */,
			);
			buildRules = (
			);
			dependencies = (
				00E356F51AD99517003FC87E /* PBXTargetDependency */,
			);
			name = booonTests;
			productName = booonTests;
			productReference = 00E356EE1AD99517003FC87E /* booonTests.xctest */;
			productType = "com.apple.product-type.bundle.unit-test";
		};
		13B07F861A680F5B00A75B9A /* booon */ = {
			isa = PBXNativeTarget;
			buildConfigurationList = 13B07F931A680F5B00A75B9A /* Build configuration list for PBXNativeTarget "booon" */;
			buildPhases = (
				C38B50BA6285516D6DCD4F65 /* [CP] Check Pods Manifest.lock */,
				13B07F871A680F5B00A75B9A /* Sources */,
				13B07F8C1A680F5B00A75B9A /* Frameworks */,
				13B07F8E1A680F5B00A75B9A /* Resources */,
				00DD1BFF1BD5951E006B06BC /* Bundle React Native code and images */,
				00EEFC60759A1932668264C0 /* [CP] Embed Pods Frameworks */,
				E235C05ADACE081382539298 /* [CP] Copy Pods Resources */,
			);
			buildRules = (
			);
			dependencies = (
			);
			name = booon;
			productName = booon;
			productReference = 13B07F961A680F5B00A75B9A /* booon.app */;
			productType = "com.apple.product-type.application";
		};
/* End PBXNativeTarget section */

/* Begin PBXProject section */
		83CBB9F71A601CBA00E9B192 /* Project object */ = {
			isa = PBXProject;
			attributes = {
				LastUpgradeCheck = 1210;
				TargetAttributes = {
					00E356ED1AD99517003FC87E = {
						CreatedOnToolsVersion = 6.2;
						TestTargetID = 13B07F861A680F5B00A75B9A;
					};
					13B07F861A680F5B00A75B9A = {
						LastSwiftMigration = 1120;
					};
				};
			};
			buildConfigurationList = 83CBB9FA1A601CBA00E9B192 /* Build configuration list for PBXProject "booon" */;
			compatibilityVersion = "Xcode 12.0";
			developmentRegion = en;
			hasScannedForEncodings = 0;
			knownRegions = (
				en,
				Base,
			);
			mainGroup = 83CBB9F61A601CBA00E9B192;
			productRefGroup = 83CBBA001A601CBA00E9B192 /* Products */;
			projectDirPath = "";
			projectRoot = "";
			targets = (
				13B07F861A680F5B00A75B9A /* booon */,
				00E356ED1AD99517003FC87E /* booonTests */,
			);
		};
/* End PBXProject section */

/* Begin PBXResourcesBuildPhase section */
		00E356EC1AD99517003FC87E /* Resources */ = {
			isa = PBXResourcesBuildPhase;
			buildActionMask = 2147483647;
			files = (
			);
			runOnlyForDeploymentPostprocessing = 0;
		};
		13B07F8E1A680F5B00A75B9A /* Resources */ = {
			isa = PBXResourcesBuildPhase;
			buildActionMask = 2147483647;
			files = (
				81AB9BB82411601600AC10FF /* LaunchScreen.storyboard in Resources */,
				13B07FBF1A68108700A75B9A /* Images.xcassets in Resources */,
				CD554626E4544A20A22C260B /* Inter-Black.ttf in Resources */,
				63B2629EDBC54E9EB5B11FB6 /* Inter-Bold.ttf in Resources */,
				A0DC78CB14424242ABBDEFD1 /* Inter-ExtraBold.ttf in Resources */,
				35062805DEE449FBADB8E655 /* Inter-ExtraLight.ttf in Resources */,
				9E4EBD7B47B24B3094F76CF5 /* Inter-Light.ttf in Resources */,
				93D3C6FE38D54372A84F9ADD /* Inter-Medium.ttf in Resources */,
				CC77219FE2F74BA18891DE1F /* Inter-Regular.ttf in Resources */,
				33057383655A4695BFF43A54 /* Inter-SemiBold.ttf in Resources */,
				DF8C4E901B3F46CA8505988C /* Inter-Thin.ttf in Resources */,
				3D7D0D671DBA49B9B501CF9C /* Poppins-Black.ttf in Resources */,
				42E57561DB5F49E093199A8E /* Poppins-BlackItalic.ttf in Resources */,
				B30D3A27650C4993BB88A537 /* Poppins-Bold.ttf in Resources */,
				107D74100BA64E55B925748B /* Poppins-BoldItalic.ttf in Resources */,
				4E79710B175E475EA34E2F67 /* Poppins-ExtraBold.ttf in Resources */,
				F6FC38B2962B47EBB7B7C355 /* Poppins-ExtraBoldItalic.ttf in Resources */,
				0C35DFA9265F44FE9214F5FD /* Poppins-ExtraLight.ttf in Resources */,
				21B0700AE41E4C97A1902618 /* Poppins-ExtraLightItalic.ttf in Resources */,
				6AC3AE54E55A46DEA5D98D9A /* Poppins-Italic.ttf in Resources */,
				3AA4FD389FFA42B195306FCA /* Poppins-Light.ttf in Resources */,
				DE6EEC50489948689FBD6B51 /* Poppins-LightItalic.ttf in Resources */,
				7FC64B46B1D341D383C26848 /* Poppins-Medium.ttf in Resources */,
				3D3AA556FA41477E97C2890D /* Poppins-MediumItalic.ttf in Resources */,
				9583C2B94D3A46BEA3673C12 /* Poppins-Regular.ttf in Resources */,
				A4EC88CD778749CE9473BD58 /* Poppins-SemiBold.ttf in Resources */,
				EE3DC099B0C84C6CBF290EA6 /* Poppins-SemiBoldItalic.ttf in Resources */,
				84EDE24182DD4BA79C5A873B /* Poppins-Thin.ttf in Resources */,
				F961590D98FF44B3B163807C /* Poppins-ThinItalic.ttf in Resources */,
			);
			runOnlyForDeploymentPostprocessing = 0;
		};
/* End PBXResourcesBuildPhase section */

/* Begin PBXShellScriptBuildPhase section */
		00DD1BFF1BD5951E006B06BC /* Bundle React Native code and images */ = {
			isa = PBXShellScriptBuildPhase;
			buildActionMask = 2147483647;
			files = (
			);
			inputPaths = (
				"$(SRCROOT)/.xcode.env.local",
				"$(SRCROOT)/.xcode.env",
			);
			name = "Bundle React Native code and images";
			outputPaths = (
			);
			runOnlyForDeploymentPostprocessing = 0;
			shellPath = /bin/sh;
			shellScript = "set -e\n\nWITH_ENVIRONMENT=\"../node_modules/react-native/scripts/xcode/with-environment.sh\"\nREACT_NATIVE_XCODE=\"../node_modules/react-native/scripts/react-native-xcode.sh\"\n\n/bin/sh -c \"$WITH_ENVIRONMENT $REACT_NATIVE_XCODE\"\n";
		};
		00EEFC60759A1932668264C0 /* [CP] Embed Pods Frameworks */ = {
			isa = PBXShellScriptBuildPhase;
			buildActionMask = 2147483647;
			files = (
			);
			inputFileListPaths = (
				"${PODS_ROOT}/Target Support Files/Pods-booon/Pods-booon-frameworks-${CONFIGURATION}-input-files.xcfilelist",
			);
			name = "[CP] Embed Pods Frameworks";
			outputFileListPaths = (
				"${PODS_ROOT}/Target Support Files/Pods-booon/Pods-booon-frameworks-${CONFIGURATION}-output-files.xcfilelist",
			);
			runOnlyForDeploymentPostprocessing = 0;
			shellPath = /bin/sh;
			shellScript = "\"${PODS_ROOT}/Target Support Files/Pods-booon/Pods-booon-frameworks.sh\"\n";
			showEnvVarsInLog = 0;
		};
		A55EABD7B0C7F3A422A6CC61 /* [CP] Check Pods Manifest.lock */ = {
			isa = PBXShellScriptBuildPhase;
			buildActionMask = 2147483647;
			files = (
			);
			inputFileListPaths = (
			);
			inputPaths = (
				"${PODS_PODFILE_DIR_PATH}/Podfile.lock",
				"${PODS_ROOT}/Manifest.lock",
			);
			name = "[CP] Check Pods Manifest.lock";
			outputFileListPaths = (
			);
			outputPaths = (
				"$(DERIVED_FILE_DIR)/Pods-booon-booonTests-checkManifestLockResult.txt",
			);
			runOnlyForDeploymentPostprocessing = 0;
			shellPath = /bin/sh;
			shellScript = "diff \"${PODS_PODFILE_DIR_PATH}/Podfile.lock\" \"${PODS_ROOT}/Manifest.lock\" > /dev/null\nif [ $? != 0 ] ; then\n    # print error to STDERR\n    echo \"error: The sandbox is not in sync with the Podfile.lock. Run 'pod install' or update your CocoaPods installation.\" >&2\n    exit 1\nfi\n# This output is used by Xcode 'outputs' to avoid re-running this script phase.\necho \"SUCCESS\" > \"${SCRIPT_OUTPUT_FILE_0}\"\n";
			showEnvVarsInLog = 0;
		};
		C38B50BA6285516D6DCD4F65 /* [CP] Check Pods Manifest.lock */ = {
			isa = PBXShellScriptBuildPhase;
			buildActionMask = 2147483647;
			files = (
			);
			inputFileListPaths = (
			);
			inputPaths = (
				"${PODS_PODFILE_DIR_PATH}/Podfile.lock",
				"${PODS_ROOT}/Manifest.lock",
			);
			name = "[CP] Check Pods Manifest.lock";
			outputFileListPaths = (
			);
			outputPaths = (
				"$(DERIVED_FILE_DIR)/Pods-booon-checkManifestLockResult.txt",
			);
			runOnlyForDeploymentPostprocessing = 0;
			shellPath = /bin/sh;
			shellScript = "diff \"${PODS_PODFILE_DIR_PATH}/Podfile.lock\" \"${PODS_ROOT}/Manifest.lock\" > /dev/null\nif [ $? != 0 ] ; then\n    # print error to STDERR\n    echo \"error: The sandbox is not in sync with the Podfile.lock. Run 'pod install' or update your CocoaPods installation.\" >&2\n    exit 1\nfi\n# This output is used by Xcode 'outputs' to avoid re-running this script phase.\necho \"SUCCESS\" > \"${SCRIPT_OUTPUT_FILE_0}\"\n";
			showEnvVarsInLog = 0;
		};
		C59DA0FBD6956966B86A3779 /* [CP] Embed Pods Frameworks */ = {
			isa = PBXShellScriptBuildPhase;
			buildActionMask = 2147483647;
			files = (
			);
			inputFileListPaths = (
				"${PODS_ROOT}/Target Support Files/Pods-booon-booonTests/Pods-booon-booonTests-frameworks-${CONFIGURATION}-input-files.xcfilelist",
			);
			name = "[CP] Embed Pods Frameworks";
			outputFileListPaths = (
				"${PODS_ROOT}/Target Support Files/Pods-booon-booonTests/Pods-booon-booonTests-frameworks-${CONFIGURATION}-output-files.xcfilelist",
			);
			runOnlyForDeploymentPostprocessing = 0;
			shellPath = /bin/sh;
			shellScript = "\"${PODS_ROOT}/Target Support Files/Pods-booon-booonTests/Pods-booon-booonTests-frameworks.sh\"\n";
			showEnvVarsInLog = 0;
		};
		E235C05ADACE081382539298 /* [CP] Copy Pods Resources */ = {
			isa = PBXShellScriptBuildPhase;
			buildActionMask = 2147483647;
			files = (
			);
			inputFileListPaths = (
				"${PODS_ROOT}/Target Support Files/Pods-booon/Pods-booon-resources-${CONFIGURATION}-input-files.xcfilelist",
			);
			name = "[CP] Copy Pods Resources";
			outputFileListPaths = (
				"${PODS_ROOT}/Target Support Files/Pods-booon/Pods-booon-resources-${CONFIGURATION}-output-files.xcfilelist",
			);
			runOnlyForDeploymentPostprocessing = 0;
			shellPath = /bin/sh;
			shellScript = "\"${PODS_ROOT}/Target Support Files/Pods-booon/Pods-booon-resources.sh\"\n";
			showEnvVarsInLog = 0;
		};
		F6A41C54EA430FDDC6A6ED99 /* [CP] Copy Pods Resources */ = {
			isa = PBXShellScriptBuildPhase;
			buildActionMask = 2147483647;
			files = (
			);
			inputFileListPaths = (
				"${PODS_ROOT}/Target Support Files/Pods-booon-booonTests/Pods-booon-booonTests-resources-${CONFIGURATION}-input-files.xcfilelist",
			);
			name = "[CP] Copy Pods Resources";
			outputFileListPaths = (
				"${PODS_ROOT}/Target Support Files/Pods-booon-booonTests/Pods-booon-booonTests-resources-${CONFIGURATION}-output-files.xcfilelist",
			);
			runOnlyForDeploymentPostprocessing = 0;
			shellPath = /bin/sh;
			shellScript = "\"${PODS_ROOT}/Target Support Files/Pods-booon-booonTests/Pods-booon-booonTests-resources.sh\"\n";
			showEnvVarsInLog = 0;
		};
/* End PBXShellScriptBuildPhase section */

/* Begin PBXSourcesBuildPhase section */
		00E356EA1AD99517003FC87E /* Sources */ = {
			isa = PBXSourcesBuildPhase;
			buildActionMask = 2147483647;
			files = (
				00E356F31AD99517003FC87E /* booonTests.m in Sources */,
			);
			runOnlyForDeploymentPostprocessing = 0;
		};
		13B07F871A680F5B00A75B9A /* Sources */ = {
			isa = PBXSourcesBuildPhase;
			buildActionMask = 2147483647;
			files = (
				13B07FBC1A68108700A75B9A /* AppDelegate.mm in Sources */,
				13B07FC11A68108700A75B9A /* main.m in Sources */,
			);
			runOnlyForDeploymentPostprocessing = 0;
		};
/* End PBXSourcesBuildPhase section */

/* Begin PBXTargetDependency section */
		00E356F51AD99517003FC87E /* PBXTargetDependency */ = {
			isa = PBXTargetDependency;
			target = 13B07F861A680F5B00A75B9A /* booon */;
			targetProxy = 00E356F41AD99517003FC87E /* PBXContainerItemProxy */;
		};
/* End PBXTargetDependency section */

/* Begin XCBuildConfiguration section */
		00E356F61AD99517003FC87E /* Debug */ = {
			isa = XCBuildConfiguration;
			baseConfigurationReference = 5B7EB9410499542E8C5724F5 /* Pods-booon-booonTests.debug.xcconfig */;
			buildSettings = {
				BUNDLE_LOADER = "$(TEST_HOST)";
				GCC_PREPROCESSOR_DEFINITIONS = (
					"DEBUG=1",
					"$(inherited)",
				);
				INFOPLIST_FILE = booonTests/Info.plist;
				IPHONEOS_DEPLOYMENT_TARGET = 13.4;
				LD_RUNPATH_SEARCH_PATHS = (
					"$(inherited)",
					"@executable_path/Frameworks",
					"@loader_path/Frameworks",
				);
				OTHER_LDFLAGS = (
					"-ObjC",
					"-lc++",
					"$(inherited)",
				);
				PRODUCT_BUNDLE_IDENTIFIER = "org.reactjs.native.example.$(PRODUCT_NAME:rfc1034identifier)";
				PRODUCT_NAME = "$(TARGET_NAME)";
				TEST_HOST = "$(BUILT_PRODUCTS_DIR)/booon.app/booon";
			};
			name = Debug;
		};
		00E356F71AD99517003FC87E /* Release */ = {
			isa = XCBuildConfiguration;
			baseConfigurationReference = 89C6BE57DB24E9ADA2F236DE /* Pods-booon-booonTests.release.xcconfig */;
			buildSettings = {
				BUNDLE_LOADER = "$(TEST_HOST)";
				COPY_PHASE_STRIP = NO;
				INFOPLIST_FILE = booonTests/Info.plist;
				IPHONEOS_DEPLOYMENT_TARGET = 13.4;
				LD_RUNPATH_SEARCH_PATHS = (
					"$(inherited)",
					"@executable_path/Frameworks",
					"@loader_path/Frameworks",
				);
				OTHER_LDFLAGS = (
					"-ObjC",
					"-lc++",
					"$(inherited)",
				);
				PRODUCT_BUNDLE_IDENTIFIER = "org.reactjs.native.example.$(PRODUCT_NAME:rfc1034identifier)";
				PRODUCT_NAME = "$(TARGET_NAME)";
				TEST_HOST = "$(BUILT_PRODUCTS_DIR)/booon.app/booon";
			};
			name = Release;
		};
		13B07F941A680F5B00A75B9A /* Debug */ = {
			isa = XCBuildConfiguration;
			baseConfigurationReference = 3B4392A12AC88292D35C810B /* Pods-booon.debug.xcconfig */;
			buildSettings = {
				ASSETCATALOG_COMPILER_APPICON_NAME = AppIcon;
				CLANG_ENABLE_MODULES = YES;
				CURRENT_PROJECT_VERSION = 1;
				ENABLE_BITCODE = NO;
				INFOPLIST_FILE = booon/Info.plist;
				LD_RUNPATH_SEARCH_PATHS = (
					"$(inherited)",
					"@executable_path/Frameworks",
				);
				MARKETING_VERSION = 1.0;
				OTHER_LDFLAGS = (
					"$(inherited)",
					"-ObjC",
					"-lc++",
				);
				PRODUCT_BUNDLE_IDENTIFIER = "org.reactjs.native.example.$(PRODUCT_NAME:rfc1034identifier)";
				"PRODUCT_BUNDLE_IDENTIFIER[sdk=iphoneos*]" = org.arun.booon.ios;
				PRODUCT_NAME = booon;
				SUPPORTED_PLATFORMS = "iphoneos iphonesimulator";
				SUPPORTS_MACCATALYST = NO;
				SUPPORTS_MAC_DESIGNED_FOR_IPHONE_IPAD = NO;
				SWIFT_OPTIMIZATION_LEVEL = "-Onone";
				SWIFT_VERSION = 5.0;
				TARGETED_DEVICE_FAMILY = 1;
				VERSIONING_SYSTEM = "apple-generic";
			};
			name = Debug;
		};
		13B07F951A680F5B00A75B9A /* Release */ = {
			isa = XCBuildConfiguration;
			baseConfigurationReference = 5709B34CF0A7D63546082F79 /* Pods-booon.release.xcconfig */;
			buildSettings = {
				ASSETCATALOG_COMPILER_APPICON_NAME = AppIcon;
				CLANG_ENABLE_MODULES = YES;
				CURRENT_PROJECT_VERSION = 1;
				INFOPLIST_FILE = booon/Info.plist;
				LD_RUNPATH_SEARCH_PATHS = (
					"$(inherited)",
					"@executable_path/Frameworks",
				);
				MARKETING_VERSION = 1.0;
				OTHER_LDFLAGS = (
					"$(inherited)",
					"-ObjC",
					"-lc++",
				);
				PRODUCT_BUNDLE_IDENTIFIER = "org.reactjs.native.example.$(PRODUCT_NAME:rfc1034identifier)";
				"PRODUCT_BUNDLE_IDENTIFIER[sdk=iphoneos*]" = org.arun.booon.ios;
				PRODUCT_NAME = booon;
				SUPPORTED_PLATFORMS = "iphoneos iphonesimulator";
				SUPPORTS_MACCATALYST = NO;
				SUPPORTS_MAC_DESIGNED_FOR_IPHONE_IPAD = NO;
				SWIFT_VERSION = 5.0;
				TARGETED_DEVICE_FAMILY = 1;
				VERSIONING_SYSTEM = "apple-generic";
			};
			name = Release;
		};
		83CBBA201A601CBA00E9B192 /* Debug */ = {
			isa = XCBuildConfiguration;
			buildSettings = {
				ALWAYS_SEARCH_USER_PATHS = NO;
				CLANG_ANALYZER_LOCALIZABILITY_NONLOCALIZED = YES;
				CLANG_CXX_LANGUAGE_STANDARD = "c++20";
				CLANG_CXX_LIBRARY = "libc++";
				CLANG_ENABLE_MODULES = YES;
				CLANG_ENABLE_OBJC_ARC = YES;
				CLANG_WARN_BLOCK_CAPTURE_AUTORELEASING = YES;
				CLANG_WARN_BOOL_CONVERSION = YES;
				CLANG_WARN_COMMA = YES;
				CLANG_WARN_CONSTANT_CONVERSION = YES;
				CLANG_WARN_DEPRECATED_OBJC_IMPLEMENTATIONS = YES;
				CLANG_WARN_DIRECT_OBJC_ISA_USAGE = YES_ERROR;
				CLANG_WARN_EMPTY_BODY = YES;
				CLANG_WARN_ENUM_CONVERSION = YES;
				CLANG_WARN_INFINITE_RECURSION = YES;
				CLANG_WARN_INT_CONVERSION = YES;
				CLANG_WARN_NON_LITERAL_NULL_CONVERSION = YES;
				CLANG_WARN_OBJC_IMPLICIT_RETAIN_SELF = YES;
				CLANG_WARN_OBJC_LITERAL_CONVERSION = YES;
				CLANG_WARN_OBJC_ROOT_CLASS = YES_ERROR;
				CLANG_WARN_QUOTED_INCLUDE_IN_FRAMEWORK_HEADER = YES;
				CLANG_WARN_RANGE_LOOP_ANALYSIS = YES;
				CLANG_WARN_STRICT_PROTOTYPES = YES;
				CLANG_WARN_SUSPICIOUS_MOVE = YES;
				CLANG_WARN_UNREACHABLE_CODE = YES;
				CLANG_WARN__DUPLICATE_METHOD_MATCH = YES;
				"CODE_SIGN_IDENTITY[sdk=iphoneos*]" = "iPhone Developer";
				COPY_PHASE_STRIP = NO;
				ENABLE_STRICT_OBJC_MSGSEND = YES;
				ENABLE_TESTABILITY = YES;
				"EXCLUDED_ARCHS[sdk=iphonesimulator*]" = i386;
				GCC_C_LANGUAGE_STANDARD = gnu99;
				GCC_DYNAMIC_NO_PIC = NO;
				GCC_NO_COMMON_BLOCKS = YES;
				GCC_OPTIMIZATION_LEVEL = 0;
				GCC_PREPROCESSOR_DEFINITIONS = (
					"DEBUG=1",
					"$(inherited)",
				);
				GCC_SYMBOLS_PRIVATE_EXTERN = NO;
				GCC_WARN_64_TO_32_BIT_CONVERSION = YES;
				GCC_WARN_ABOUT_RETURN_TYPE = YES_ERROR;
				GCC_WARN_UNDECLARED_SELECTOR = YES;
				GCC_WARN_UNINITIALIZED_AUTOS = YES_AGGRESSIVE;
				GCC_WARN_UNUSED_FUNCTION = YES;
				GCC_WARN_UNUSED_VARIABLE = YES;
				IPHONEOS_DEPLOYMENT_TARGET = 13.4;
				LD_RUNPATH_SEARCH_PATHS = (
					/usr/lib/swift,
					"$(inherited)",
				);
				LIBRARY_SEARCH_PATHS = (
					"\"$(SDKROOT)/usr/lib/swift\"",
					"\"$(TOOLCHAIN_DIR)/usr/lib/swift/$(PLATFORM_NAME)\"",
					"\"$(inherited)\"",
				);
				MTL_ENABLE_DEBUG_INFO = YES;
				ONLY_ACTIVE_ARCH = YES;
				OTHER_CFLAGS = "$(inherited)";
				OTHER_CPLUSPLUSFLAGS = (
					"$(OTHER_CFLAGS)",
					"-DFOLLY_NO_CONFIG",
					"-DFOLLY_MOBILE=1",
					"-DFOLLY_USE_LIBCPP=1",
					"-DFOLLY_CFG_NO_COROUTINES=1",
				);
				OTHER_LDFLAGS = (
					"$(inherited)",
					"-Wl",
					"-ld_classic",
				);
				REACT_NATIVE_PATH = "${PODS_ROOT}/../../node_modules/react-native";
				SDKROOT = iphoneos;
				USE_HERMES = true;
			};
			name = Debug;
		};
		83CBBA211A601CBA00E9B192 /* Release */ = {
			isa = XCBuildConfiguration;
			buildSettings = {
				ALWAYS_SEARCH_USER_PATHS = NO;
				CLANG_ANALYZER_LOCALIZABILITY_NONLOCALIZED = YES;
				CLANG_CXX_LANGUAGE_STANDARD = "c++20";
				CLANG_CXX_LIBRARY = "libc++";
				CLANG_ENABLE_MODULES = YES;
				CLANG_ENABLE_OBJC_ARC = YES;
				CLANG_WARN_BLOCK_CAPTURE_AUTORELEASING = YES;
				CLANG_WARN_BOOL_CONVERSION = YES;
				CLANG_WARN_COMMA = YES;
				CLANG_WARN_CONSTANT_CONVERSION = YES;
				CLANG_WARN_DEPRECATED_OBJC_IMPLEMENTATIONS = YES;
				CLANG_WARN_DIRECT_OBJC_ISA_USAGE = YES_ERROR;
				CLANG_WARN_EMPTY_BODY = YES;
				CLANG_WARN_ENUM_CONVERSION = YES;
				CLANG_WARN_INFINITE_RECURSION = YES;
				CLANG_WARN_INT_CONVERSION = YES;
				CLANG_WARN_NON_LITERAL_NULL_CONVERSION = YES;
				CLANG_WARN_OBJC_IMPLICIT_RETAIN_SELF = YES;
				CLANG_WARN_OBJC_LITERAL_CONVERSION = YES;
				CLANG_WARN_OBJC_ROOT_CLASS = YES_ERROR;
				CLANG_WARN_QUOTED_INCLUDE_IN_FRAMEWORK_HEADER = YES;
				CLANG_WARN_RANGE_LOOP_ANALYSIS = YES;
				CLANG_WARN_STRICT_PROTOTYPES = YES;
				CLANG_WARN_SUSPICIOUS_MOVE = YES;
				CLANG_WARN_UNREACHABLE_CODE = YES;
				CLANG_WARN__DUPLICATE_METHOD_MATCH = YES;
				"CODE_SIGN_IDENTITY[sdk=iphoneos*]" = "iPhone Developer";
				COPY_PHASE_STRIP = YES;
				ENABLE_NS_ASSERTIONS = NO;
				ENABLE_STRICT_OBJC_MSGSEND = YES;
				"EXCLUDED_ARCHS[sdk=iphonesimulator*]" = i386;
				GCC_C_LANGUAGE_STANDARD = gnu99;
				GCC_NO_COMMON_BLOCKS = YES;
				GCC_WARN_64_TO_32_BIT_CONVERSION = YES;
				GCC_WARN_ABOUT_RETURN_TYPE = YES_ERROR;
				GCC_WARN_UNDECLARED_SELECTOR = YES;
				GCC_WARN_UNINITIALIZED_AUTOS = YES_AGGRESSIVE;
				GCC_WARN_UNUSED_FUNCTION = YES;
				GCC_WARN_UNUSED_VARIABLE = YES;
				IPHONEOS_DEPLOYMENT_TARGET = 13.4;
				LD_RUNPATH_SEARCH_PATHS = (
					/usr/lib/swift,
					"$(inherited)",
				);
				LIBRARY_SEARCH_PATHS = (
					"\"$(SDKROOT)/usr/lib/swift\"",
					"\"$(TOOLCHAIN_DIR)/usr/lib/swift/$(PLATFORM_NAME)\"",
					"\"$(inherited)\"",
				);
				MTL_ENABLE_DEBUG_INFO = NO;
				OTHER_CFLAGS = "$(inherited)";
				OTHER_CPLUSPLUSFLAGS = (
					"$(OTHER_CFLAGS)",
					"-DFOLLY_NO_CONFIG",
					"-DFOLLY_MOBILE=1",
					"-DFOLLY_USE_LIBCPP=1",
					"-DFOLLY_CFG_NO_COROUTINES=1",
				);
				OTHER_LDFLAGS = (
					"$(inherited)",
					"-Wl",
					"-ld_classic",
				);
				REACT_NATIVE_PATH = "${PODS_ROOT}/../../node_modules/react-native";
				SDKROOT = iphoneos;
				USE_HERMES = true;
				VALIDATE_PRODUCT = YES;
			};
			name = Release;
		};
/* End XCBuildConfiguration section */

/* Begin XCConfigurationList section */
		00E357021AD99517003FC87E /* Build configuration list for PBXNativeTarget "booonTests" */ = {
			isa = XCConfigurationList;
			buildConfigurations = (
				00E356F61AD99517003FC87E /* Debug */,
				00E356F71AD99517003FC87E /* Release */,
			);
			defaultConfigurationIsVisible = 0;
			defaultConfigurationName = Release;
		};
		13B07F931A680F5B00A75B9A /* Build configuration list for PBXNativeTarget "booon" */ = {
			isa = XCConfigurationList;
			buildConfigurations = (
				13B07F941A680F5B00A75B9A /* Debug */,
				13B07F951A680F5B00A75B9A /* Release */,
			);
			defaultConfigurationIsVisible = 0;
			defaultConfigurationName = Release;
		};
		83CBB9FA1A601CBA00E9B192 /* Build configuration list for PBXProject "booon" */ = {
			isa = XCConfigurationList;
			buildConfigurations = (
				83CBBA201A601CBA00E9B192 /* Debug */,
				83CBBA211A601CBA00E9B192 /* Release */,
			);
			defaultConfigurationIsVisible = 0;
			defaultConfigurationName = Release;
		};
/* End XCConfigurationList section */
	};
	rootObject = 83CBB9F71A601CBA00E9B192 /* Project object */;
}
